// !$*UTF8*$!
{
	archiveVersion = 1;
	classes = {
	};
	objectVersion = 55;
	objects = {

/* Begin PBXBuildFile section */
		CEEDC0D82722EEA60089272D /* AppDelegate.swift in Sources */ = {isa = PBXBuildFile; fileRef = CEEDC0D72722EEA60089272D /* AppDelegate.swift */; };
		CEEDC0DA2722EEA60089272D /* SceneDelegate.swift in Sources */ = {isa = PBXBuildFile; fileRef = CEEDC0D92722EEA60089272D /* SceneDelegate.swift */; };
		CEEDC0DC2722EEA60089272D /* ViewController.swift in Sources */ = {isa = PBXBuildFile; fileRef = CEEDC0DB2722EEA60089272D /* ViewController.swift */; };
		CEEDC0DF2722EEA70089272D /* Main.storyboard in Resources */ = {isa = PBXBuildFile; fileRef = CEEDC0DD2722EEA60089272D /* Main.storyboard */; };
		CEEDC0E12722EEAD0089272D /* Assets.xcassets in Resources */ = {isa = PBXBuildFile; fileRef = CEEDC0E02722EEAD0089272D /* Assets.xcassets */; };
		CEEDC0E42722EEAD0089272D /* LaunchScreen.storyboard in Resources */ = {isa = PBXBuildFile; fileRef = CEEDC0E22722EEAD0089272D /* LaunchScreen.storyboard */; };
		CEEDC0EF2722EEAD0089272D /* CustomTableViewTests.swift in Sources */ = {isa = PBXBuildFile; fileRef = CEEDC0EE2722EEAD0089272D /* CustomTableViewTests.swift */; };
		CEEDC0F92722EEAE0089272D /* CustomTableViewUITests.swift in Sources */ = {isa = PBXBuildFile; fileRef = CEEDC0F82722EEAE0089272D /* CustomTableViewUITests.swift */; };
		CEEDC0FB2722EEAE0089272D /* CustomTableViewUITestsLaunchTests.swift in Sources */ = {isa = PBXBuildFile; fileRef = CEEDC0FA2722EEAE0089272D /* CustomTableViewUITestsLaunchTests.swift */; };
/* End PBXBuildFile section */

/* Begin PBXContainerItemProxy section */
		CEEDC0EB2722EEAD0089272D /* PBXContainerItemProxy */ = {
			isa = PBXContainerItemProxy;
			containerPortal = CEEDC0CC2722EEA60089272D /* Project object */;
			proxyType = 1;
			remoteGlobalIDString = CEEDC0D32722EEA60089272D;
			remoteInfo = CustomTableView;
		};
		CEEDC0F52722EEAE0089272D /* PBXContainerItemProxy */ = {
			isa = PBXContainerItemProxy;
			containerPortal = CEEDC0CC2722EEA60089272D /* Project object */;
			proxyType = 1;
			remoteGlobalIDString = CEEDC0D32722EEA60089272D;
			remoteInfo = CustomTableView;
		};
/* End PBXContainerItemProxy section */

/* Begin PBXFileReference section */
		CEEDC0D42722EEA60089272D /* CustomTableView.app */ = {isa = PBXFileReference; explicitFileType = wrapper.application; includeInIndex = 0; path = CustomTableView.app; sourceTree = BUILT_PRODUCTS_DIR; };
		CEEDC0D72722EEA60089272D /* AppDelegate.swift */ = {isa = PBXFileReference; lastKnownFileType = sourcecode.swift; path = AppDelegate.swift; sourceTree = "<group>"; };
		CEEDC0D92722EEA60089272D /* SceneDelegate.swift */ = {isa = PBXFileReference; lastKnownFileType = sourcecode.swift; path = SceneDelegate.swift; sourceTree = "<group>"; };
		CEEDC0DB2722EEA60089272D /* ViewController.swift */ = {isa = PBXFileReference; lastKnownFileType = sourcecode.swift; path = ViewController.swift; sourceTree = "<group>"; };
		CEEDC0DE2722EEA60089272D /* Base */ = {isa = PBXFileReference; lastKnownFileType = file.storyboard; name = Base; path = Base.lproj/Main.storyboard; sourceTree = "<group>"; };
		CEEDC0E02722EEAD0089272D /* Assets.xcassets */ = {isa = PBXFileReference; lastKnownFileType = folder.assetcatalog; path = Assets.xcassets; sourceTree = "<group>"; };
		CEEDC0E32722EEAD0089272D /* Base */ = {isa = PBXFileReference; lastKnownFileType = file.storyboard; name = Base; path = Base.lproj/LaunchScreen.storyboard; sourceTree = "<group>"; };
		CEEDC0E52722EEAD0089272D /* Info.plist */ = {isa = PBXFileReference; lastKnownFileType = text.plist.xml; path = Info.plist; sourceTree = "<group>"; };
		CEEDC0EA2722EEAD0089272D /* CustomTableViewTests.xctest */ = {isa = PBXFileReference; explicitFileType = wrapper.cfbundle; includeInIndex = 0; path = CustomTableViewTests.xctest; sourceTree = BUILT_PRODUCTS_DIR; };
		CEEDC0EE2722EEAD0089272D /* CustomTableViewTests.swift */ = {isa = PBXFileReference; lastKnownFileType = sourcecode.swift; path = CustomTableViewTests.swift; sourceTree = "<group>"; };
		CEEDC0F42722EEAE0089272D /* CustomTableViewUITests.xctest */ = {isa = PBXFileReference; explicitFileType = wrapper.cfbundle; includeInIndex = 0; path = CustomTableViewUITests.xctest; sourceTree = BUILT_PRODUCTS_DIR; };
		CEEDC0F82722EEAE0089272D /* CustomTableViewUITests.swift */ = {isa = PBXFileReference; lastKnownFileType = sourcecode.swift; path = CustomTableViewUITests.swift; sourceTree = "<group>"; };
		CEEDC0FA2722EEAE0089272D /* CustomTableViewUITestsLaunchTests.swift */ = {isa = PBXFileReference; lastKnownFileType = sourcecode.swift; path = CustomTableViewUITestsLaunchTests.swift; sourceTree = "<group>"; };
/* End PBXFileReference section */

/* Begin PBXFrameworksBuildPhase section */
		CEEDC0D12722EEA60089272D /* Frameworks */ = {
			isa = PBXFrameworksBuildPhase;
			buildActionMask = 2147483647;
			files = (
			);
			runOnlyForDeploymentPostprocessing = 0;
		};
		CEEDC0E72722EEAD0089272D /* Frameworks */ = {
			isa = PBXFrameworksBuildPhase;
			buildActionMask = 2147483647;
			files = (
			);
			runOnlyForDeploymentPostprocessing = 0;
		};
		CEEDC0F12722EEAE0089272D /* Frameworks */ = {
			isa = PBXFrameworksBuildPhase;
			buildActionMask = 2147483647;
			files = (
			);
			runOnlyForDeploymentPostprocessing = 0;
		};
/* End PBXFrameworksBuildPhase section */

/* Begin PBXGroup section */
		CEEDC0CB2722EEA60089272D = {
			isa = PBXGroup;
			children = (
				CEEDC0D62722EEA60089272D /* CustomTableView */,
				CEEDC0ED2722EEAD0089272D /* CustomTableViewTests */,
				CEEDC0F72722EEAE0089272D /* CustomTableViewUITests */,
				CEEDC0D52722EEA60089272D /* Products */,
			);
			sourceTree = "<group>";
		};
		CEEDC0D52722EEA60089272D /* Products */ = {
			isa = PBXGroup;
			children = (
				CEEDC0D42722EEA60089272D /* CustomTableView.app */,
				CEEDC0EA2722EEAD0089272D /* CustomTableViewTests.xctest */,
				CEEDC0F42722EEAE0089272D /* CustomTableViewUITests.xctest */,
			);
			name = Products;
			sourceTree = "<group>";
		};
		CEEDC0D62722EEA60089272D /* CustomTableView */ = {
			isa = PBXGroup;
			children = (
				CEEDC0D72722EEA60089272D /* AppDelegate.swift */,
				CEEDC0D92722EEA60089272D /* SceneDelegate.swift */,
				CEEDC0DB2722EEA60089272D /* ViewController.swift */,
				CEEDC0DD2722EEA60089272D /* Main.storyboard */,
				CEEDC0E02722EEAD0089272D /* Assets.xcassets */,
				CEEDC0E22722EEAD0089272D /* LaunchScreen.storyboard */,
				CEEDC0E52722EEAD0089272D /* Info.plist */,
			);
			path = CustomTableView;
			sourceTree = "<group>";
		};
		CEEDC0ED2722EEAD0089272D /* CustomTableViewTests */ = {
			isa = PBXGroup;
			children = (
				CEEDC0EE2722EEAD0089272D /* CustomTableViewTests.swift */,
			);
			path = CustomTableViewTests;
			sourceTree = "<group>";
		};
		CEEDC0F72722EEAE0089272D /* CustomTableViewUITests */ = {
			isa = PBXGroup;
			children = (
				CEEDC0F82722EEAE0089272D /* CustomTableViewUITests.swift */,
				CEEDC0FA2722EEAE0089272D /* CustomTableViewUITestsLaunchTests.swift */,
			);
			path = CustomTableViewUITests;
			sourceTree = "<group>";
		};
/* End PBXGroup section */

/* Begin PBXNativeTarget section */
		CEEDC0D32722EEA60089272D /* CustomTableView */ = {
			isa = PBXNativeTarget;
			buildConfigurationList = CEEDC0FE2722EEAE0089272D /* Build configuration list for PBXNativeTarget "CustomTableView" */;
			buildPhases = (
				CEEDC0D02722EEA60089272D /* Sources */,
				CEEDC0D12722EEA60089272D /* Frameworks */,
				CEEDC0D22722EEA60089272D /* Resources */,
			);
			buildRules = (
			);
			dependencies = (
			);
			name = CustomTableView;
			productName = CustomTableView;
			productReference = CEEDC0D42722EEA60089272D /* CustomTableView.app */;
			productType = "com.apple.product-type.application";
		};
		CEEDC0E92722EEAD0089272D /* CustomTableViewTests */ = {
			isa = PBXNativeTarget;
			buildConfigurationList = CEEDC1012722EEAE0089272D /* Build configuration list for PBXNativeTarget "CustomTableViewTests" */;
			buildPhases = (
				CEEDC0E62722EEAD0089272D /* Sources */,
				CEEDC0E72722EEAD0089272D /* Frameworks */,
				CEEDC0E82722EEAD0089272D /* Resources */,
			);
			buildRules = (
			);
			dependencies = (
				CEEDC0EC2722EEAD0089272D /* PBXTargetDependency */,
			);
			name = CustomTableViewTests;
			productName = CustomTableViewTests;
			productReference = CEEDC0EA2722EEAD0089272D /* CustomTableViewTests.xctest */;
			productType = "com.apple.product-type.bundle.unit-test";
		};
		CEEDC0F32722EEAE0089272D /* CustomTableViewUITests */ = {
			isa = PBXNativeTarget;
			buildConfigurationList = CEEDC1042722EEAE0089272D /* Build configuration list for PBXNativeTarget "CustomTableViewUITests" */;
			buildPhases = (
				CEEDC0F02722EEAE0089272D /* Sources */,
				CEEDC0F12722EEAE0089272D /* Frameworks */,
				CEEDC0F22722EEAE0089272D /* Resources */,
			);
			buildRules = (
			);
			dependencies = (
				CEEDC0F62722EEAE0089272D /* PBXTargetDependency */,
			);
			name = CustomTableViewUITests;
			productName = CustomTableViewUITests;
			productReference = CEEDC0F42722EEAE0089272D /* CustomTableViewUITests.xctest */;
			productType = "com.apple.product-type.bundle.ui-testing";
		};
/* End PBXNativeTarget section */

/* Begin PBXProject section */
		CEEDC0CC2722EEA60089272D /* Project object */ = {
			isa = PBXProject;
			attributes = {
				BuildIndependentTargetsInParallel = 1;
				LastSwiftUpdateCheck = 1300;
				LastUpgradeCheck = 1300;
				TargetAttributes = {
					CEEDC0D32722EEA60089272D = {
						CreatedOnToolsVersion = 13.0;
					};
					CEEDC0E92722EEAD0089272D = {
						CreatedOnToolsVersion = 13.0;
						TestTargetID = CEEDC0D32722EEA60089272D;
					};
					CEEDC0F32722EEAE0089272D = {
						CreatedOnToolsVersion = 13.0;
						TestTargetID = CEEDC0D32722EEA60089272D;
					};
				};
			};
			buildConfigurationList = CEEDC0CF2722EEA60089272D /* Build configuration list for PBXProject "CustomTableView" */;
			compatibilityVersion = "Xcode 13.0";
			developmentRegion = en;
			hasScannedForEncodings = 0;
			knownRegions = (
				en,
				Base,
			);
			mainGroup = CEEDC0CB2722EEA60089272D;
			productRefGroup = CEEDC0D52722EEA60089272D /* Products */;
			projectDirPath = "";
			projectRoot = "";
			targets = (
				CEEDC0D32722EEA60089272D /* CustomTableView */,
				CEEDC0E92722EEAD0089272D /* CustomTableViewTests */,
				CEEDC0F32722EEAE0089272D /* CustomTableViewUITests */,
			);
		};
/* End PBXProject section */

/* Begin PBXResourcesBuildPhase section */
		CEEDC0D22722EEA60089272D /* Resources */ = {
			isa = PBXResourcesBuildPhase;
			buildActionMask = 2147483647;
			files = (
				CEEDC0E42722EEAD0089272D /* LaunchScreen.storyboard in Resources */,
				CEEDC0E12722EEAD0089272D /* Assets.xcassets in Resources */,
				CEEDC0DF2722EEA70089272D /* Main.storyboard in Resources */,
			);
			runOnlyForDeploymentPostprocessing = 0;
		};
		CEEDC0E82722EEAD0089272D /* Resources */ = {
			isa = PBXResourcesBuildPhase;
			buildActionMask = 2147483647;
			files = (
			);
			runOnlyForDeploymentPostprocessing = 0;
		};
		CEEDC0F22722EEAE0089272D /* Resources */ = {
			isa = PBXResourcesBuildPhase;
			buildActionMask = 2147483647;
			files = (
			);
			runOnlyForDeploymentPostprocessing = 0;
		};
/* End PBXResourcesBuildPhase section */

/* Begin PBXSourcesBuildPhase section */
		CEEDC0D02722EEA60089272D /* Sources */ = {
			isa = PBXSourcesBuildPhase;
			buildActionMask = 2147483647;
			files = (
				CEEDC0DC2722EEA60089272D /* ViewController.swift in Sources */,
				CEEDC0D82722EEA60089272D /* AppDelegate.swift in Sources */,
				CEEDC0DA2722EEA60089272D /* SceneDelegate.swift in Sources */,
			);
			runOnlyForDeploymentPostprocessing = 0;
		};
		CEEDC0E62722EEAD0089272D /* Sources */ = {
			isa = PBXSourcesBuildPhase;
			buildActionMask = 2147483647;
			files = (
				CEEDC0EF2722EEAD0089272D /* CustomTableViewTests.swift in Sources */,
			);
			runOnlyForDeploymentPostprocessing = 0;
		};
		CEEDC0F02722EEAE0089272D /* Sources */ = {
			isa = PBXSourcesBuildPhase;
			buildActionMask = 2147483647;
			files = (
				CEEDC0F92722EEAE0089272D /* CustomTableViewUITests.swift in Sources */,
				CEEDC0FB2722EEAE0089272D /* CustomTableViewUITestsLaunchTests.swift in Sources */,
			);
			runOnlyForDeploymentPostprocessing = 0;
		};
/* End PBXSourcesBuildPhase section */

/* Begin PBXTargetDependency section */
		CEEDC0EC2722EEAD0089272D /* PBXTargetDependency */ = {
			isa = PBXTargetDependency;
			target = CEEDC0D32722EEA60089272D /* CustomTableView */;
			targetProxy = CEEDC0EB2722EEAD0089272D /* PBXContainerItemProxy */;
		};
		CEEDC0F62722EEAE0089272D /* PBXTargetDependency */ = {
			isa = PBXTargetDependency;
			target = CEEDC0D32722EEA60089272D /* CustomTableView */;
			targetProxy = CEEDC0F52722EEAE0089272D /* PBXContainerItemProxy */;
		};
/* End PBXTargetDependency section */

/* Begin PBXVariantGroup section */
		CEEDC0DD2722EEA60089272D /* Main.storyboard */ = {
			isa = PBXVariantGroup;
			children = (
				CEEDC0DE2722EEA60089272D /* Base */,
			);
			name = Main.storyboard;
			sourceTree = "<group>";
		};
		CEEDC0E22722EEAD0089272D /* LaunchScreen.storyboard */ = {
			isa = PBXVariantGroup;
			children = (
				CEEDC0E32722EEAD0089272D /* Base */,
			);
			name = LaunchScreen.storyboard;
			sourceTree = "<group>";
		};
/* End PBXVariantGroup section */

/* Begin XCBuildConfiguration section */
		CEEDC0FC2722EEAE0089272D /* Debug */ = {
			isa = XCBuildConfiguration;
			buildSettings = {
				ALWAYS_SEARCH_USER_PATHS = NO;
				CLANG_ANALYZER_NONNULL = YES;
				CLANG_ANALYZER_NUMBER_OBJECT_CONVERSION = YES_AGGRESSIVE;
				CLANG_CXX_LANGUAGE_STANDARD = "gnu++17";
				CLANG_CXX_LIBRARY = "libc++";
				CLANG_ENABLE_MODULES = YES;
				CLANG_ENABLE_OBJC_ARC = YES;
				CLANG_ENABLE_OBJC_WEAK = YES;
				CLANG_WARN_BLOCK_CAPTURE_AUTORELEASING = YES;
				CLANG_WARN_BOOL_CONVERSION = YES;
				CLANG_WARN_COMMA = YES;
				CLANG_WARN_CONSTANT_CONVERSION = YES;
				CLANG_WARN_DEPRECATED_OBJC_IMPLEMENTATIONS = YES;
				CLANG_WARN_DIRECT_OBJC_ISA_USAGE = YES_ERROR;
				CLANG_WARN_DOCUMENTATION_COMMENTS = YES;
				CLANG_WARN_EMPTY_BODY = YES;
				CLANG_WARN_ENUM_CONVERSION = YES;
				CLANG_WARN_INFINITE_RECURSION = YES;
				CLANG_WARN_INT_CONVERSION = YES;
				CLANG_WARN_NON_LITERAL_NULL_CONVERSION = YES;
				CLANG_WARN_OBJC_IMPLICIT_RETAIN_SELF = YES;
				CLANG_WARN_OBJC_LITERAL_CONVERSION = YES;
				CLANG_WARN_OBJC_ROOT_CLASS = YES_ERROR;
				CLANG_WARN_QUOTED_INCLUDE_IN_FRAMEWORK_HEADER = YES;
				CLANG_WARN_RANGE_LOOP_ANALYSIS = YES;
				CLANG_WARN_STRICT_PROTOTYPES = YES;
				CLANG_WARN_SUSPICIOUS_MOVE = YES;
				CLANG_WARN_UNGUARDED_AVAILABILITY = YES_AGGRESSIVE;
				CLANG_WARN_UNREACHABLE_CODE = YES;
				CLANG_WARN__DUPLICATE_METHOD_MATCH = YES;
				COPY_PHASE_STRIP = NO;
				DEBUG_INFORMATION_FORMAT = dwarf;
				ENABLE_STRICT_OBJC_MSGSEND = YES;
				ENABLE_TESTABILITY = YES;
				GCC_C_LANGUAGE_STANDARD = gnu11;
				GCC_DYNAMIC_NO_PIC = NO;
				GCC_NO_COMMON_BLOCKS = YES;
				GCC_OPTIMIZATION_LEVEL = 0;
				GCC_PREPROCESSOR_DEFINITIONS = (
					"DEBUG=1",
					"$(inherited)",
				);
				GCC_WARN_64_TO_32_BIT_CONVERSION = YES;
				GCC_WARN_ABOUT_RETURN_TYPE = YES_ERROR;
				GCC_WARN_UNDECLARED_SELECTOR = YES;
				GCC_WARN_UNINITIALIZED_AUTOS = YES_AGGRESSIVE;
				GCC_WARN_UNUSED_FUNCTION = YES;
				GCC_WARN_UNUSED_VARIABLE = YES;
				IPHONEOS_DEPLOYMENT_TARGET = 15.0;
				MTL_ENABLE_DEBUG_INFO = INCLUDE_SOURCE;
				MTL_FAST_MATH = YES;
				ONLY_ACTIVE_ARCH = YES;
				SDKROOT = iphoneos;
				SWIFT_ACTIVE_COMPILATION_CONDITIONS = DEBUG;
				SWIFT_OPTIMIZATION_LEVEL = "-Onone";
			};
			name = Debug;
		};
		CEEDC0FD2722EEAE0089272D /* Release */ = {
			isa = XCBuildConfiguration;
			buildSettings = {
				ALWAYS_SEARCH_USER_PATHS = NO;
				CLANG_ANALYZER_NONNULL = YES;
				CLANG_ANALYZER_NUMBER_OBJECT_CONVERSION = YES_AGGRESSIVE;
				CLANG_CXX_LANGUAGE_STANDARD = "gnu++17";
				CLANG_CXX_LIBRARY = "libc++";
				CLANG_ENABLE_MODULES = YES;
				CLANG_ENABLE_OBJC_ARC = YES;
				CLANG_ENABLE_OBJC_WEAK = YES;
				CLANG_WARN_BLOCK_CAPTURE_AUTORELEASING = YES;
				CLANG_WARN_BOOL_CONVERSION = YES;
				CLANG_WARN_COMMA = YES;
				CLANG_WARN_CONSTANT_CONVERSION = YES;
				CLANG_WARN_DEPRECATED_OBJC_IMPLEMENTATIONS = YES;
				CLANG_WARN_DIRECT_OBJC_ISA_USAGE = YES_ERROR;
				CLANG_WARN_DOCUMENTATION_COMMENTS = YES;
				CLANG_WARN_EMPTY_BODY = YES;
				CLANG_WARN_ENUM_CONVERSION = YES;
				CLANG_WARN_INFINITE_RECURSION = YES;
				CLANG_WARN_INT_CONVERSION = YES;
				CLANG_WARN_NON_LITERAL_NULL_CONVERSION = YES;
				CLANG_WARN_OBJC_IMPLICIT_RETAIN_SELF = YES;
				CLANG_WARN_OBJC_LITERAL_CONVERSION = YES;
				CLANG_WARN_OBJC_ROOT_CLASS = YES_ERROR;
				CLANG_WARN_QUOTED_INCLUDE_IN_FRAMEWORK_HEADER = YES;
				CLANG_WARN_RANGE_LOOP_ANALYSIS = YES;
				CLANG_WARN_STRICT_PROTOTYPES = YES;
				CLANG_WARN_SUSPICIOUS_MOVE = YES;
				CLANG_WARN_UNGUARDED_AVAILABILITY = YES_AGGRESSIVE;
				CLANG_WARN_UNREACHABLE_CODE = YES;
				CLANG_WARN__DUPLICATE_METHOD_MATCH = YES;
				COPY_PHASE_STRIP = NO;
				DEBUG_INFORMATION_FORMAT = "dwarf-with-dsym";
				ENABLE_NS_ASSERTIONS = NO;
				ENABLE_STRICT_OBJC_MSGSEND = YES;
				GCC_C_LANGUAGE_STANDARD = gnu11;
				GCC_NO_COMMON_BLOCKS = YES;
				GCC_WARN_64_TO_32_BIT_CONVERSION = YES;
				GCC_WARN_ABOUT_RETURN_TYPE = YES_ERROR;
				GCC_WARN_UNDECLARED_SELECTOR = YES;
				GCC_WARN_UNINITIALIZED_AUTOS = YES_AGGRESSIVE;
				GCC_WARN_UNUSED_FUNCTION = YES;
				GCC_WARN_UNUSED_VARIABLE = YES;
				IPHONEOS_DEPLOYMENT_TARGET = 15.0;
				MTL_ENABLE_DEBUG_INFO = NO;
				MTL_FAST_MATH = YES;
				SDKROOT = iphoneos;
				SWIFT_COMPILATION_MODE = wholemodule;
				SWIFT_OPTIMIZATION_LEVEL = "-O";
				VALIDATE_PRODUCT = YES;
			};
			name = Release;
		};
		CEEDC0FF2722EEAE0089272D /* Debug */ = {
			isa = XCBuildConfiguration;
			buildSettings = {
				ASSETCATALOG_COMPILER_APPICON_NAME = AppIcon;
				ASSETCATALOG_COMPILER_GLOBAL_ACCENT_COLOR_NAME = AccentColor;
				CODE_SIGN_STYLE = Automatic;
				CURRENT_PROJECT_VERSION = 1;
				GENERATE_INFOPLIST_FILE = YES;
				INFOPLIST_FILE = CustomTableView/Info.plist;
				INFOPLIST_KEY_UIApplicationSupportsIndirectInputEvents = YES;
				INFOPLIST_KEY_UILaunchStoryboardName = LaunchScreen;
				INFOPLIST_KEY_UIMainStoryboardFile = Main;
				INFOPLIST_KEY_UISupportedInterfaceOrientations_iPad = "UIInterfaceOrientationPortrait UIInterfaceOrientationPortraitUpsideDown UIInterfaceOrientationLandscapeLeft UIInterfaceOrientationLandscapeRight";
				INFOPLIST_KEY_UISupportedInterfaceOrientations_iPhone = "UIInterfaceOrientationPortrait UIInterfaceOrientationLandscapeLeft UIInterfaceOrientationLandscapeRight";
				LD_RUNPATH_SEARCH_PATHS = (
					"$(inherited)",
					"@executable_path/Frameworks",
				);
				MARKETING_VERSION = 1.0;
				PRODUCT_BUNDLE_IDENTIFIER = Rommel.com.CustomTableView;
				PRODUCT_NAME = "$(TARGET_NAME)";
				SWIFT_EMIT_LOC_STRINGS = YES;
				SWIFT_VERSION = 5.0;
				TARGETED_DEVICE_FAMILY = "1,2";
			};
			name = Debug;
		};
		CEEDC1002722EEAE0089272D /* Release */ = {
			isa = XCBuildConfiguration;
			buildSettings = {
				ASSETCATALOG_COMPILER_APPICON_NAME = AppIcon;
				ASSETCATALOG_COMPILER_GLOBAL_ACCENT_COLOR_NAME = AccentColor;
				CODE_SIGN_STYLE = Automatic;
				CURRENT_PROJECT_VERSION = 1;
				GENERATE_INFOPLIST_FILE = YES;
				INFOPLIST_FILE = CustomTableView/Info.plist;
				INFOPLIST_KEY_UIApplicationSupportsIndirectInputEvents = YES;
				INFOPLIST_KEY_UILaunchStoryboardName = LaunchScreen;
				INFOPLIST_KEY_UIMainStoryboardFile = Main;
				INFOPLIST_KEY_UISupportedInterfaceOrientations_iPad = "UIInterfaceOrientationPortrait UIInterfaceOrientationPortraitUpsideDown UIInterfaceOrientationLandscapeLeft UIInterfaceOrientationLandscapeRight";
				INFOPLIST_KEY_UISupportedInterfaceOrientations_iPhone = "UIInterfaceOrientationPortrait UIInterfaceOrientationLandscapeLeft UIInterfaceOrientationLandscapeRight";
				LD_RUNPATH_SEARCH_PATHS = (
					"$(inherited)",
					"@executable_path/Frameworks",
				);
				MARKETING_VERSION = 1.0;
				PRODUCT_BUNDLE_IDENTIFIER = Rommel.com.CustomTableView;
				PRODUCT_NAME = "$(TARGET_NAME)";
				SWIFT_EMIT_LOC_STRINGS = YES;
				SWIFT_VERSION = 5.0;
				TARGETED_DEVICE_FAMILY = "1,2";
			};
			name = Release;
		};
		CEEDC1022722EEAE0089272D /* Debug */ = {
			isa = XCBuildConfiguration;
			buildSettings = {
				ALWAYS_EMBED_SWIFT_STANDARD_LIBRARIES = YES;
				BUNDLE_LOADER = "$(TEST_HOST)";
				CODE_SIGN_STYLE = Automatic;
				CURRENT_PROJECT_VERSION = 1;
				GENERATE_INFOPLIST_FILE = YES;
				IPHONEOS_DEPLOYMENT_TARGET = 15.0;
				LD_RUNPATH_SEARCH_PATHS = (
					"$(inherited)",
					"@executable_path/Frameworks",
					"@loader_path/Frameworks",
				);
				MARKETING_VERSION = 1.0;
				PRODUCT_BUNDLE_IDENTIFIER = Rommel.com.CustomTableViewTests;
				PRODUCT_NAME = "$(TARGET_NAME)";
				SWIFT_EMIT_LOC_STRINGS = NO;
				SWIFT_VERSION = 5.0;
				TARGETED_DEVICE_FAMILY = "1,2";
				TEST_HOST = "$(BUILT_PRODUCTS_DIR)/CustomTableView.app/CustomTableView";
			};
			name = Debug;
		};
		CEEDC1032722EEAE0089272D /* Release */ = {
			isa = XCBuildConfiguration;
			buildSettings = {
				ALWAYS_EMBED_SWIFT_STANDARD_LIBRARIES = YES;
				BUNDLE_LOADER = "$(TEST_HOST)";
				CODE_SIGN_STYLE = Automatic;
				CURRENT_PROJECT_VERSION = 1;
				GENERATE_INFOPLIST_FILE = YES;
				IPHONEOS_DEPLOYMENT_TARGET = 15.0;
				LD_RUNPATH_SEARCH_PATHS = (
					"$(inherited)",
					"@executable_path/Frameworks",
					"@loader_path/Frameworks",
				);
				MARKETING_VERSION = 1.0;
				PRODUCT_BUNDLE_IDENTIFIER = Rommel.com.CustomTableViewTests;
				PRODUCT_NAME = "$(TARGET_NAME)";
				SWIFT_EMIT_LOC_STRINGS = NO;
				SWIFT_VERSION = 5.0;
				TARGETED_DEVICE_FAMILY = "1,2";
				TEST_HOST = "$(BUILT_PRODUCTS_DIR)/CustomTableView.app/CustomTableView";
			};
			name = Release;
		};
		CEEDC1052722EEAE0089272D /* Debug */ = {
			isa = XCBuildConfiguration;
			buildSettings = {
				ALWAYS_EMBED_SWIFT_STANDARD_LIBRARIES = YES;
				CODE_SIGN_STYLE = Automatic;
				CURRENT_PROJECT_VERSION = 1;
				GENERATE_INFOPLIST_FILE = YES;
				LD_RUNPATH_SEARCH_PATHS = (
					"$(inherited)",
					"@executable_path/Frameworks",
					"@loader_path/Frameworks",
				);
				MARKETING_VERSION = 1.0;
				PRODUCT_BUNDLE_IDENTIFIER = Rommel.com.CustomTableViewUITests;
				PRODUCT_NAME = "$(TARGET_NAME)";
				SWIFT_EMIT_LOC_STRINGS = NO;
				SWIFT_VERSION = 5.0;
				TARGETED_DEVICE_FAMILY = "1,2";
				TEST_TARGET_NAME = CustomTableView;
			};
			name = Debug;
		};
		CEEDC1062722EEAE0089272D /* Release */ = {
			isa = XCBuildConfiguration;
			buildSettings = {
				ALWAYS_EMBED_SWIFT_STANDARD_LIBRARIES = YES;
				CODE_SIGN_STYLE = Automatic;
				CURRENT_PROJECT_VERSION = 1;
				GENERATE_INFOPLIST_FILE = YES;
				LD_RUNPATH_SEARCH_PATHS = (
					"$(inherited)",
					"@executable_path/Frameworks",
					"@loader_path/Frameworks",
				);
				MARKETING_VERSION = 1.0;
				PRODUCT_BUNDLE_IDENTIFIER = Rommel.com.CustomTableViewUITests;
				PRODUCT_NAME = "$(TARGET_NAME)";
				SWIFT_EMIT_LOC_STRINGS = NO;
				SWIFT_VERSION = 5.0;
				TARGETED_DEVICE_FAMILY = "1,2";
				TEST_TARGET_NAME = CustomTableView;
			};
			name = Release;
		};
/* End XCBuildConfiguration section */

/* Begin XCConfigurationList section */
		CEEDC0CF2722EEA60089272D /* Build configuration list for PBXProject "CustomTableView" */ = {
			isa = XCConfigurationList;
			buildConfigurations = (
				CEEDC0FC2722EEAE0089272D /* Debug */,
				CEEDC0FD2722EEAE0089272D /* Release */,
			);
			defaultConfigurationIsVisible = 0;
			defaultConfigurationName = Release;
		};
		CEEDC0FE2722EEAE0089272D /* Build configuration list for PBXNativeTarget "CustomTableView" */ = {
			isa = XCConfigurationList;
			buildConfigurations = (
				CEEDC0FF2722EEAE0089272D /* Debug */,
				CEEDC1002722EEAE0089272D /* Release */,
			);
			defaultConfigurationIsVisible = 0;
			defaultConfigurationName = Release;
		};
		CEEDC1012722EEAE0089272D /* Build configuration list for PBXNativeTarget "CustomTableViewTests" */ = {
			isa = XCConfigurationList;
			buildConfigurations = (
				CEEDC1022722EEAE0089272D /* Debug */,
				CEEDC1032722EEAE0089272D /* Release */,
			);
			defaultConfigurationIsVisible = 0;
			defaultConfigurationName = Release;
		};
		CEEDC1042722EEAE0089272D /* Build configuration list for PBXNativeTarget "CustomTableViewUITests" */ = {
			isa = XCConfigurationList;
			buildConfigurations = (
				CEEDC1052722EEAE0089272D /* Debug */,
				CEEDC1062722EEAE0089272D /* Release */,
			);
			defaultConfigurationIsVisible = 0;
			defaultConfigurationName = Release;
		};
/* End XCConfigurationList section */
	};
	rootObject = CEEDC0CC2722EEA60089272D /* Project object */;
}
